{
  "pins" : [
    {
      "identity" : "njemojipicker",
      "kind" : "remoteSourceControl",
      "location" : "https://github.com/nasneyland/NJEmojiPicker",
      "state" : {
        "branch" : "main",
        "revision" : "32ffc84f007ac242a41adcde55cebbb7e05b6178"
      }
    },
    {
      "identity" : "njpicker",
      "kind" : "remoteSourceControl",
      "location" : "https://github.com/nasneyland/NJPicker",
      "state" : {
        "branch" : "main",
        "revision" : "31a00347b84fbbcba4a6a583a71b460a512d81d4"
      }
    }
  ],
  "version" : 2
}
